
Microsoft Visual Studio Solution File, Format Version 12.00
# Visual Studio Version 17
VisualStudioVersion = 17.6.33801.468
MinimumVisualStudioVersion = 10.0.40219.1
Project("{FAE04EC0-301F-11D3-BF4B-00C04F79EFBC}") = "BusinessClockApi", "BusinessClockApi\BusinessClockApi.csproj", "{A3DFE853-1259-4AD9-8371-3FE7FB85BF9E}"
EndProject
Project("{FAE04EC0-301F-11D3-BF4B-00C04F79EFBC}") = "BusinessClock.IntegrationTests", "BusinessClock.IntegrationTests\BusinessClock.IntegrationTests.csproj", "{E1D0B966-63B9-4A6D-8550-E14200410C97}"
EndProject
Global
	GlobalSection(SolutionConfigurationPlatforms) = preSolution
		Debug|Any CPU = Debug|Any CPU
		Release|Any CPU = Release|Any CPU
	EndGlobalSection
	GlobalSection(ProjectConfigurationPlatforms) = postSolution
		{A3DFE853-1259-4AD9-8371-3FE7FB85BF9E}.Debug|Any CPU.ActiveCfg = Debug|Any CPU
		{A3DFE853-1259-4AD9-8371-3FE7FB85BF9E}.Debug|Any CPU.Build.0 = Debug|Any CPU
		{A3DFE853-1259-4AD9-8371-3FE7FB85BF9E}.Release|Any CPU.ActiveCfg = Release|Any CPU
		{A3DFE853-1259-4AD9-8371-3FE7FB85BF9E}.Release|Any CPU.Build.0 = Release|Any CPU
		{E1D0B966-63B9-4A6D-8550-E14200410C97}.Debug|Any CPU.ActiveCfg = Debug|Any CPU
		{E1D0B966-63B9-4A6D-8550-E14200410C97}.Debug|Any CPU.Build.0 = Debug|Any CPU
		{E1D0B966-63B9-4A6D-8550-E14200410C97}.Release|Any CPU.ActiveCfg = Release|Any CPU
		{E1D0B966-63B9-4A6D-8550-E14200410C97}.Release|Any CPU.Build.0 = Release|Any CPU
	EndGlobalSection
	GlobalSection(SolutionProperties) = preSolution
		HideSolutionNode = FALSE
	EndGlobalSection
	GlobalSection(ExtensibilityGlobals) = postSolution
		SolutionGuid = {A2BB552C-AC95-49E7-8E86-3A3E2965A86C}
	EndGlobalSection
EndGlobal
