
Microsoft Visual Studio Solution File, Format Version 12.00
# Visual Studio Version 17
VisualStudioVersion = 17.6.33801.468
MinimumVisualStudioVersion = 10.0.40219.1
Project("{FAE04EC0-301F-11D3-BF4B-00C04F79EFBC}") = "Greeter", "Greeter\Greeter.csproj", "{3BA3D44C-93A8-4F9C-8D1E-75FF69B3EF7F}"
EndProject
Project("{FAE04EC0-301F-11D3-BF4B-00C04F79EFBC}") = "Greeter.UnitTests", "Greeter.UnitTests\Greeter.UnitTests.csproj", "{32EA1F27-C3FE-483E-8549-FDA748FAF455}"
EndProject
Global
	GlobalSection(SolutionConfigurationPlatforms) = preSolution
		Debug|Any CPU = Debug|Any CPU
		Release|Any CPU = Release|Any CPU
	EndGlobalSection
	GlobalSection(ProjectConfigurationPlatforms) = postSolution
		{3BA3D44C-93A8-4F9C-8D1E-75FF69B3EF7F}.Debug|Any CPU.ActiveCfg = Debug|Any CPU
		{3BA3D44C-93A8-4F9C-8D1E-75FF69B3EF7F}.Debug|Any CPU.Build.0 = Debug|Any CPU
		{3BA3D44C-93A8-4F9C-8D1E-75FF69B3EF7F}.Release|Any CPU.ActiveCfg = Release|Any CPU
		{3BA3D44C-93A8-4F9C-8D1E-75FF69B3EF7F}.Release|Any CPU.Build.0 = Release|Any CPU
		{32EA1F27-C3FE-483E-8549-FDA748FAF455}.Debug|Any CPU.ActiveCfg = Debug|Any CPU
		{32EA1F27-C3FE-483E-8549-FDA748FAF455}.Debug|Any CPU.Build.0 = Debug|Any CPU
		{32EA1F27-C3FE-483E-8549-FDA748FAF455}.Release|Any CPU.ActiveCfg = Release|Any CPU
		{32EA1F27-C3FE-483E-8549-FDA748FAF455}.Release|Any CPU.Build.0 = Release|Any CPU
	EndGlobalSection
	GlobalSection(SolutionProperties) = preSolution
		HideSolutionNode = FALSE
	EndGlobalSection
	GlobalSection(ExtensibilityGlobals) = postSolution
		SolutionGuid = {18FBC76A-AFEF-450B-86BA-B1B801CE5916}
	EndGlobalSection
EndGlobal
